
Microsoft Visual Studio Solution File, Format Version 12.00
# Visual Studio Version 17
VisualStudioVersion = 17.3.32929.385
MinimumVisualStudioVersion = 10.0.40219.1
Project("{9A19103F-16F7-4668-BE54-9A1E7A4F7556}") = "TravelGo", "TravelGo.csproj", "{25D7CE36-534D-4522-8E32-7F363B7C93E2}"
EndProject
Project("{9A19103F-16F7-4668-BE54-9A1E7A4F7556}") = "EntityLayer", "..\EntityLayer\EntityLayer.csproj", "{5177D031-5DEF-4456-A778-FC2CBCA7FB1D}"
EndProject
Project("{9A19103F-16F7-4668-BE54-9A1E7A4F7556}") = "DataAccessLayer", "..\DataAccessLayer\DataAccessLayer.csproj", "{EAC625C9-E7C1-4C23-9BA7-AF6783AE7232}"
EndProject
Project("{9A19103F-16F7-4668-BE54-9A1E7A4F7556}") = "BusinessLayer", "..\BusinessLayer\BusinessLayer.csproj", "{105161DD-B268-431E-8CFC-793E54307A69}"
EndProject
Project("{9A19103F-16F7-4668-BE54-9A1E7A4F7556}") = "DTOLayer", "..\DTOLayer\DTOLayer.csproj", "{50C5A222-51D4-400A-B7D1-AC6CE93AE491}"
EndProject
Project("{FAE04EC0-301F-11D3-BF4B-00C04F79EFBC}") = "SignalRApi", "..\SignalRApi\SignalRApi.csproj", "{FA401C92-1386-4D4E-A478-DDA24D50F125}"
EndProject
Global
	GlobalSection(SolutionConfigurationPlatforms) = preSolution
		Debug|Any CPU = Debug|Any CPU
		Release|Any CPU = Release|Any CPU
	EndGlobalSection
	GlobalSection(ProjectConfigurationPlatforms) = postSolution
		{25D7CE36-534D-4522-8E32-7F363B7C93E2}.Debug|Any CPU.ActiveCfg = Debug|Any CPU
		{25D7CE36-534D-4522-8E32-7F363B7C93E2}.Debug|Any CPU.Build.0 = Debug|Any CPU
		{25D7CE36-534D-4522-8E32-7F363B7C93E2}.Release|Any CPU.ActiveCfg = Release|Any CPU
		{25D7CE36-534D-4522-8E32-7F363B7C93E2}.Release|Any CPU.Build.0 = Release|Any CPU
		{5177D031-5DEF-4456-A778-FC2CBCA7FB1D}.Debug|Any CPU.ActiveCfg = Debug|Any CPU
		{5177D031-5DEF-4456-A778-FC2CBCA7FB1D}.Debug|Any CPU.Build.0 = Debug|Any CPU
		{5177D031-5DEF-4456-A778-FC2CBCA7FB1D}.Release|Any CPU.ActiveCfg = Release|Any CPU
		{5177D031-5DEF-4456-A778-FC2CBCA7FB1D}.Release|Any CPU.Build.0 = Release|Any CPU
		{EAC625C9-E7C1-4C23-9BA7-AF6783AE7232}.Debug|Any CPU.ActiveCfg = Debug|Any CPU
		{EAC625C9-E7C1-4C23-9BA7-AF6783AE7232}.Debug|Any CPU.Build.0 = Debug|Any CPU
		{EAC625C9-E7C1-4C23-9BA7-AF6783AE7232}.Release|Any CPU.ActiveCfg = Release|Any CPU
		{EAC625C9-E7C1-4C23-9BA7-AF6783AE7232}.Release|Any CPU.Build.0 = Release|Any CPU
		{105161DD-B268-431E-8CFC-793E54307A69}.Debug|Any CPU.ActiveCfg = Debug|Any CPU
		{105161DD-B268-431E-8CFC-793E54307A69}.Debug|Any CPU.Build.0 = Debug|Any CPU
		{105161DD-B268-431E-8CFC-793E54307A69}.Release|Any CPU.ActiveCfg = Release|Any CPU
		{105161DD-B268-431E-8CFC-793E54307A69}.Release|Any CPU.Build.0 = Release|Any CPU
		{50C5A222-51D4-400A-B7D1-AC6CE93AE491}.Debug|Any CPU.ActiveCfg = Debug|Any CPU
		{50C5A222-51D4-400A-B7D1-AC6CE93AE491}.Debug|Any CPU.Build.0 = Debug|Any CPU
		{50C5A222-51D4-400A-B7D1-AC6CE93AE491}.Release|Any CPU.ActiveCfg = Release|Any CPU
		{50C5A222-51D4-400A-B7D1-AC6CE93AE491}.Release|Any CPU.Build.0 = Release|Any CPU
		{FA401C92-1386-4D4E-A478-DDA24D50F125}.Debug|Any CPU.ActiveCfg = Debug|Any CPU
		{FA401C92-1386-4D4E-A478-DDA24D50F125}.Debug|Any CPU.Build.0 = Debug|Any CPU
		{FA401C92-1386-4D4E-A478-DDA24D50F125}.Release|Any CPU.ActiveCfg = Release|Any CPU
		{FA401C92-1386-4D4E-A478-DDA24D50F125}.Release|Any CPU.Build.0 = Release|Any CPU
	EndGlobalSection
	GlobalSection(SolutionProperties) = preSolution
		HideSolutionNode = FALSE
	EndGlobalSection
	GlobalSection(ExtensibilityGlobals) = postSolution
		SolutionGuid = {CD98A008-0DF7-4C89-8CE1-3E6C648664AC}
	EndGlobalSection
EndGlobal
